
Microsoft Visual Studio Solution File, Format Version 12.00
Project("{FAE04EC0-301F-11D3-BF4B-00C04F79EFBC}") = "TwitchGpt", "TwitchGpt\TwitchGpt.csproj", "{2EC6D01A-316F-451A-9709-9176306778C0}"
EndProject
Project("{FAE04EC0-301F-11D3-BF4B-00C04F79EFBC}") = "BoostyLib", "..\BoostyLib\BoostyLib.csproj", "{9DB59B40-3D99-4C47-8B6A-88E074BBD476}"
EndProject
Global
	GlobalSection(SolutionConfigurationPlatforms) = preSolution
		Debug|Any CPU = Debug|Any CPU
		Release|Any CPU = Release|Any CPU
	EndGlobalSection
	GlobalSection(ProjectConfigurationPlatforms) = postSolution
		{2EC6D01A-316F-451A-9709-9176306778C0}.Debug|Any CPU.ActiveCfg = Debug|Any CPU
		{2EC6D01A-316F-451A-9709-9176306778C0}.Debug|Any CPU.Build.0 = Debug|Any CPU
		{2EC6D01A-316F-451A-9709-9176306778C0}.Release|Any CPU.ActiveCfg = Release|Any CPU
		{2EC6D01A-316F-451A-9709-9176306778C0}.Release|Any CPU.Build.0 = Release|Any CPU
		{9DB59B40-3D99-4C47-8B6A-88E074BBD476}.Debug|Any CPU.ActiveCfg = Debug|Any CPU
		{9DB59B40-3D99-4C47-8B6A-88E074BBD476}.Debug|Any CPU.Build.0 = Debug|Any CPU
		{9DB59B40-3D99-4C47-8B6A-88E074BBD476}.Release|Any CPU.ActiveCfg = Release|Any CPU
		{9DB59B40-3D99-4C47-8B6A-88E074BBD476}.Release|Any CPU.Build.0 = Release|Any CPU
	EndGlobalSection
EndGlobal
